
Microsoft Visual Studio Solution File, Format Version 12.00
# Visual Studio Version 17
VisualStudioVersion = 17.2.32630.192
MinimumVisualStudioVersion = 10.0.40219.1
Project("{FAE04EC0-301F-11D3-BF4B-00C04F79EFBC}") = "Sudy_v3", "Sudy_v3\Sudy_v3.csproj", "{7C3BB154-B34F-4262-BAFE-FAFD32B4DF72}"
EndProject
Global
	GlobalSection(SolutionConfigurationPlatforms) = preSolution
		Debug|Any CPU = Debug|Any CPU
		Release|Any CPU = Release|Any CPU
	EndGlobalSection
	GlobalSection(ProjectConfigurationPlatforms) = postSolution
		{7C3BB154-B34F-4262-BAFE-FAFD32B4DF72}.Debug|Any CPU.ActiveCfg = Debug|Any CPU
		{7C3BB154-B34F-4262-BAFE-FAFD32B4DF72}.Debug|Any CPU.Build.0 = Debug|Any CPU
		{7C3BB154-B34F-4262-BAFE-FAFD32B4DF72}.Release|Any CPU.ActiveCfg = Release|Any CPU
		{7C3BB154-B34F-4262-BAFE-FAFD32B4DF72}.Release|Any CPU.Build.0 = Release|Any CPU
	EndGlobalSection
	GlobalSection(SolutionProperties) = preSolution
		HideSolutionNode = FALSE
	EndGlobalSection
	GlobalSection(ExtensibilityGlobals) = postSolution
		SolutionGuid = {5D05FAFF-D2F7-4B99-B735-3230F49473D2}
	EndGlobalSection
EndGlobal
